
Microsoft Visual Studio Solution File, Format Version 12.00
Project("{FAE04EC0-301F-11D3-BF4B-00C04F79EFBC}") = "VehicleCatalog.API", "VehicleCatalog.API\VehicleCatalog.API.csproj", "{C6289A0B-D181-411E-8A2F-4B9D8098DF1B}"
EndProject
Global
	GlobalSection(SolutionConfigurationPlatforms) = preSolution
		Debug|Any CPU = Debug|Any CPU
		Release|Any CPU = Release|Any CPU
	EndGlobalSection
	GlobalSection(ProjectConfigurationPlatforms) = postSolution
		{C6289A0B-D181-411E-8A2F-4B9D8098DF1B}.Debug|Any CPU.ActiveCfg = Debug|Any CPU
		{C6289A0B-D181-411E-8A2F-4B9D8098DF1B}.Debug|Any CPU.Build.0 = Debug|Any CPU
		{C6289A0B-D181-411E-8A2F-4B9D8098DF1B}.Release|Any CPU.ActiveCfg = Release|Any CPU
		{C6289A0B-D181-411E-8A2F-4B9D8098DF1B}.Release|Any CPU.Build.0 = Release|Any CPU
	EndGlobalSection
EndGlobal
